// !$*UTF8*$!
{
	archiveVersion = 1;
	classes = {
	};
	objectVersion = 50;
	objects = {

/* Begin PBXBuildFile section */
		9986A64D21BCCB300076B0C7 /* AppDelegate.swift in Sources */ = {isa = PBXBuildFile; fileRef = 9986A64C21BCCB300076B0C7 /* AppDelegate.swift */; };
		9986A64F21BCCB300076B0C7 /* ViewController.swift in Sources */ = {isa = PBXBuildFile; fileRef = 9986A64E21BCCB300076B0C7 /* ViewController.swift */; };
		9986A65221BCCB300076B0C7 /* Main.storyboard in Resources */ = {isa = PBXBuildFile; fileRef = 9986A65021BCCB300076B0C7 /* Main.storyboard */; };
		9986A65421BCCB310076B0C7 /* Assets.xcassets in Resources */ = {isa = PBXBuildFile; fileRef = 9986A65321BCCB310076B0C7 /* Assets.xcassets */; };
		9986A65721BCCB310076B0C7 /* LaunchScreen.storyboard in Resources */ = {isa = PBXBuildFile; fileRef = 9986A65521BCCB310076B0C7 /* LaunchScreen.storyboard */; };
		9986A66221BCCB310076B0C7 /* RomanNumeralsTests.swift in Sources */ = {isa = PBXBuildFile; fileRef = 9986A66121BCCB310076B0C7 /* RomanNumeralsTests.swift */; };
		9986A66D21BCCB310076B0C7 /* RomanNumeralsUITests.swift in Sources */ = {isa = PBXBuildFile; fileRef = 9986A66C21BCCB310076B0C7 /* RomanNumeralsUITests.swift */; };
		9986A67B21BCCCDD0076B0C7 /* RomanNumeralsModel.swift in Sources */ = {isa = PBXBuildFile; fileRef = 9986A67A21BCCCDD0076B0C7 /* RomanNumeralsModel.swift */; };
/* End PBXBuildFile section */

/* Begin PBXContainerItemProxy section */
		9986A65E21BCCB310076B0C7 /* PBXContainerItemProxy */ = {
			isa = PBXContainerItemProxy;
			containerPortal = 9986A64121BCCB300076B0C7 /* Project object */;
			proxyType = 1;
			remoteGlobalIDString = 9986A64821BCCB300076B0C7;
			remoteInfo = RomanNumerals;
		};
		9986A66921BCCB310076B0C7 /* PBXContainerItemProxy */ = {
			isa = PBXContainerItemProxy;
			containerPortal = 9986A64121BCCB300076B0C7 /* Project object */;
			proxyType = 1;
			remoteGlobalIDString = 9986A64821BCCB300076B0C7;
			remoteInfo = RomanNumerals;
		};
/* End PBXContainerItemProxy section */

/* Begin PBXFileReference section */
		9986A64921BCCB300076B0C7 /* RomanNumerals.app */ = {isa = PBXFileReference; explicitFileType = wrapper.application; includeInIndex = 0; path = RomanNumerals.app; sourceTree = BUILT_PRODUCTS_DIR; };
		9986A64C21BCCB300076B0C7 /* AppDelegate.swift */ = {isa = PBXFileReference; lastKnownFileType = sourcecode.swift; path = AppDelegate.swift; sourceTree = "<group>"; };
		9986A64E21BCCB300076B0C7 /* ViewController.swift */ = {isa = PBXFileReference; lastKnownFileType = sourcecode.swift; path = ViewController.swift; sourceTree = "<group>"; };
		9986A65121BCCB300076B0C7 /* Base */ = {isa = PBXFileReference; lastKnownFileType = file.storyboard; name = Base; path = Base.lproj/Main.storyboard; sourceTree = "<group>"; };
		9986A65321BCCB310076B0C7 /* Assets.xcassets */ = {isa = PBXFileReference; lastKnownFileType = folder.assetcatalog; path = Assets.xcassets; sourceTree = "<group>"; };
		9986A65621BCCB310076B0C7 /* Base */ = {isa = PBXFileReference; lastKnownFileType = file.storyboard; name = Base; path = Base.lproj/LaunchScreen.storyboard; sourceTree = "<group>"; };
		9986A65821BCCB310076B0C7 /* Info.plist */ = {isa = PBXFileReference; lastKnownFileType = text.plist.xml; path = Info.plist; sourceTree = "<group>"; };
		9986A65D21BCCB310076B0C7 /* RomanNumeralsTests.xctest */ = {isa = PBXFileReference; explicitFileType = wrapper.cfbundle; includeInIndex = 0; path = RomanNumeralsTests.xctest; sourceTree = BUILT_PRODUCTS_DIR; };
		9986A66121BCCB310076B0C7 /* RomanNumeralsTests.swift */ = {isa = PBXFileReference; lastKnownFileType = sourcecode.swift; path = RomanNumeralsTests.swift; sourceTree = "<group>"; };
		9986A66321BCCB310076B0C7 /* Info.plist */ = {isa = PBXFileReference; lastKnownFileType = text.plist.xml; path = Info.plist; sourceTree = "<group>"; };
		9986A66821BCCB310076B0C7 /* RomanNumeralsUITests.xctest */ = {isa = PBXFileReference; explicitFileType = wrapper.cfbundle; includeInIndex = 0; path = RomanNumeralsUITests.xctest; sourceTree = BUILT_PRODUCTS_DIR; };
		9986A66C21BCCB310076B0C7 /* RomanNumeralsUITests.swift */ = {isa = PBXFileReference; lastKnownFileType = sourcecode.swift; path = RomanNumeralsUITests.swift; sourceTree = "<group>"; };
		9986A66E21BCCB310076B0C7 /* Info.plist */ = {isa = PBXFileReference; lastKnownFileType = text.plist.xml; path = Info.plist; sourceTree = "<group>"; };
		9986A67A21BCCCDD0076B0C7 /* RomanNumeralsModel.swift */ = {isa = PBXFileReference; lastKnownFileType = sourcecode.swift; path = RomanNumeralsModel.swift; sourceTree = "<group>"; };
/* End PBXFileReference section */

/* Begin PBXFrameworksBuildPhase section */
		9986A64621BCCB300076B0C7 /* Frameworks */ = {
			isa = PBXFrameworksBuildPhase;
			buildActionMask = 2147483647;
			files = (
			);
			runOnlyForDeploymentPostprocessing = 0;
		};
		9986A65A21BCCB310076B0C7 /* Frameworks */ = {
			isa = PBXFrameworksBuildPhase;
			buildActionMask = 2147483647;
			files = (
			);
			runOnlyForDeploymentPostprocessing = 0;
		};
		9986A66521BCCB310076B0C7 /* Frameworks */ = {
			isa = PBXFrameworksBuildPhase;
			buildActionMask = 2147483647;
			files = (
			);
			runOnlyForDeploymentPostprocessing = 0;
		};
/* End PBXFrameworksBuildPhase section */

/* Begin PBXGroup section */
		9986A64021BCCB300076B0C7 = {
			isa = PBXGroup;
			children = (
				9986A64B21BCCB300076B0C7 /* RomanNumerals */,
				9986A66021BCCB310076B0C7 /* RomanNumeralsTests */,
				9986A66B21BCCB310076B0C7 /* RomanNumeralsUITests */,
				9986A64A21BCCB300076B0C7 /* Products */,
			);
			sourceTree = "<group>";
		};
		9986A64A21BCCB300076B0C7 /* Products */ = {
			isa = PBXGroup;
			children = (
				9986A64921BCCB300076B0C7 /* RomanNumerals.app */,
				9986A65D21BCCB310076B0C7 /* RomanNumeralsTests.xctest */,
				9986A66821BCCB310076B0C7 /* RomanNumeralsUITests.xctest */,
			);
			name = Products;
			sourceTree = "<group>";
		};
		9986A64B21BCCB300076B0C7 /* RomanNumerals */ = {
			isa = PBXGroup;
			children = (
				9986A64C21BCCB300076B0C7 /* AppDelegate.swift */,
				9986A64E21BCCB300076B0C7 /* ViewController.swift */,
				9986A65021BCCB300076B0C7 /* Main.storyboard */,
				9986A67A21BCCCDD0076B0C7 /* RomanNumeralsModel.swift */,
				9986A65321BCCB310076B0C7 /* Assets.xcassets */,
				9986A65521BCCB310076B0C7 /* LaunchScreen.storyboard */,
				9986A65821BCCB310076B0C7 /* Info.plist */,
			);
			path = RomanNumerals;
			sourceTree = "<group>";
		};
		9986A66021BCCB310076B0C7 /* RomanNumeralsTests */ = {
			isa = PBXGroup;
			children = (
				9986A66121BCCB310076B0C7 /* RomanNumeralsTests.swift */,
				9986A66321BCCB310076B0C7 /* Info.plist */,
			);
			path = RomanNumeralsTests;
			sourceTree = "<group>";
		};
		9986A66B21BCCB310076B0C7 /* RomanNumeralsUITests */ = {
			isa = PBXGroup;
			children = (
				9986A66C21BCCB310076B0C7 /* RomanNumeralsUITests.swift */,
				9986A66E21BCCB310076B0C7 /* Info.plist */,
			);
			path = RomanNumeralsUITests;
			sourceTree = "<group>";
		};
/* End PBXGroup section */

/* Begin PBXNativeTarget section */
		9986A64821BCCB300076B0C7 /* RomanNumerals */ = {
			isa = PBXNativeTarget;
			buildConfigurationList = 9986A67121BCCB310076B0C7 /* Build configuration list for PBXNativeTarget "RomanNumerals" */;
			buildPhases = (
				9986A64521BCCB300076B0C7 /* Sources */,
				9986A64621BCCB300076B0C7 /* Frameworks */,
				9986A64721BCCB300076B0C7 /* Resources */,
			);
			buildRules = (
			);
			dependencies = (
			);
			name = RomanNumerals;
			productName = RomanNumerals;
			productReference = 9986A64921BCCB300076B0C7 /* RomanNumerals.app */;
			productType = "com.apple.product-type.application";
		};
		9986A65C21BCCB310076B0C7 /* RomanNumeralsTests */ = {
			isa = PBXNativeTarget;
			buildConfigurationList = 9986A67421BCCB310076B0C7 /* Build configuration list for PBXNativeTarget "RomanNumeralsTests" */;
			buildPhases = (
				9986A65921BCCB310076B0C7 /* Sources */,
				9986A65A21BCCB310076B0C7 /* Frameworks */,
				9986A65B21BCCB310076B0C7 /* Resources */,
			);
			buildRules = (
			);
			dependencies = (
				9986A65F21BCCB310076B0C7 /* PBXTargetDependency */,
			);
			name = RomanNumeralsTests;
			productName = RomanNumeralsTests;
			productReference = 9986A65D21BCCB310076B0C7 /* RomanNumeralsTests.xctest */;
			productType = "com.apple.product-type.bundle.unit-test";
		};
		9986A66721BCCB310076B0C7 /* RomanNumeralsUITests */ = {
			isa = PBXNativeTarget;
			buildConfigurationList = 9986A67721BCCB310076B0C7 /* Build configuration list for PBXNativeTarget "RomanNumeralsUITests" */;
			buildPhases = (
				9986A66421BCCB310076B0C7 /* Sources */,
				9986A66521BCCB310076B0C7 /* Frameworks */,
				9986A66621BCCB310076B0C7 /* Resources */,
			);
			buildRules = (
			);
			dependencies = (
				9986A66A21BCCB310076B0C7 /* PBXTargetDependency */,
			);
			name = RomanNumeralsUITests;
			productName = RomanNumeralsUITests;
			productReference = 9986A66821BCCB310076B0C7 /* RomanNumeralsUITests.xctest */;
			productType = "com.apple.product-type.bundle.ui-testing";
		};
/* End PBXNativeTarget section */

/* Begin PBXProject section */
		9986A64121BCCB300076B0C7 /* Project object */ = {
			isa = PBXProject;
			attributes = {
				LastSwiftUpdateCheck = 1010;
				LastUpgradeCheck = 1010;
				ORGANIZATIONNAME = "andrew challis";
				TargetAttributes = {
					9986A64821BCCB300076B0C7 = {
						CreatedOnToolsVersion = 10.1;
					};
					9986A65C21BCCB310076B0C7 = {
						CreatedOnToolsVersion = 10.1;
						TestTargetID = 9986A64821BCCB300076B0C7;
					};
					9986A66721BCCB310076B0C7 = {
						CreatedOnToolsVersion = 10.1;
						TestTargetID = 9986A64821BCCB300076B0C7;
					};
				};
			};
			buildConfigurationList = 9986A64421BCCB300076B0C7 /* Build configuration list for PBXProject "RomanNumerals" */;
			compatibilityVersion = "Xcode 9.3";
			developmentRegion = en;
			hasScannedForEncodings = 0;
			knownRegions = (
				en,
				Base,
			);
			mainGroup = 9986A64021BCCB300076B0C7;
			productRefGroup = 9986A64A21BCCB300076B0C7 /* Products */;
			projectDirPath = "";
			projectRoot = "";
			targets = (
				9986A64821BCCB300076B0C7 /* RomanNumerals */,
				9986A65C21BCCB310076B0C7 /* RomanNumeralsTests */,
				9986A66721BCCB310076B0C7 /* RomanNumeralsUITests */,
			);
		};
/* End PBXProject section */

/* Begin PBXResourcesBuildPhase section */
		9986A64721BCCB300076B0C7 /* Resources */ = {
			isa = PBXResourcesBuildPhase;
			buildActionMask = 2147483647;
			files = (
				9986A65721BCCB310076B0C7 /* LaunchScreen.storyboard in Resources */,
				9986A65421BCCB310076B0C7 /* Assets.xcassets in Resources */,
				9986A65221BCCB300076B0C7 /* Main.storyboard in Resources */,
			);
			runOnlyForDeploymentPostprocessing = 0;
		};
		9986A65B21BCCB310076B0C7 /* Resources */ = {
			isa = PBXResourcesBuildPhase;
			buildActionMask = 2147483647;
			files = (
			);
			runOnlyForDeploymentPostprocessing = 0;
		};
		9986A66621BCCB310076B0C7 /* Resources */ = {
			isa = PBXResourcesBuildPhase;
			buildActionMask = 2147483647;
			files = (
			);
			runOnlyForDeploymentPostprocessing = 0;
		};
/* End PBXResourcesBuildPhase section */

/* Begin PBXSourcesBuildPhase section */
		9986A64521BCCB300076B0C7 /* Sources */ = {
			isa = PBXSourcesBuildPhase;
			buildActionMask = 2147483647;
			files = (
				9986A67B21BCCCDD0076B0C7 /* RomanNumeralsModel.swift in Sources */,
				9986A64F21BCCB300076B0C7 /* ViewController.swift in Sources */,
				9986A64D21BCCB300076B0C7 /* AppDelegate.swift in Sources */,
			);
			runOnlyForDeploymentPostprocessing = 0;
		};
		9986A65921BCCB310076B0C7 /* Sources */ = {
			isa = PBXSourcesBuildPhase;
			buildActionMask = 2147483647;
			files = (
				9986A66221BCCB310076B0C7 /* RomanNumeralsTests.swift in Sources */,
			);
			runOnlyForDeploymentPostprocessing = 0;
		};
		9986A66421BCCB310076B0C7 /* Sources */ = {
			isa = PBXSourcesBuildPhase;
			buildActionMask = 2147483647;
			files = (
				9986A66D21BCCB310076B0C7 /* RomanNumeralsUITests.swift in Sources */,
			);
			runOnlyForDeploymentPostprocessing = 0;
		};
/* End PBXSourcesBuildPhase section */

/* Begin PBXTargetDependency section */
		9986A65F21BCCB310076B0C7 /* PBXTargetDependency */ = {
			isa = PBXTargetDependency;
			target = 9986A64821BCCB300076B0C7 /* RomanNumerals */;
			targetProxy = 9986A65E21BCCB310076B0C7 /* PBXContainerItemProxy */;
		};
		9986A66A21BCCB310076B0C7 /* PBXTargetDependency */ = {
			isa = PBXTargetDependency;
			target = 9986A64821BCCB300076B0C7 /* RomanNumerals */;
			targetProxy = 9986A66921BCCB310076B0C7 /* PBXContainerItemProxy */;
		};
/* End PBXTargetDependency section */

/* Begin PBXVariantGroup section */
		9986A65021BCCB300076B0C7 /* Main.storyboard */ = {
			isa = PBXVariantGroup;
			children = (
				9986A65121BCCB300076B0C7 /* Base */,
			);
			name = Main.storyboard;
			sourceTree = "<group>";
		};
		9986A65521BCCB310076B0C7 /* LaunchScreen.storyboard */ = {
			isa = PBXVariantGroup;
			children = (
				9986A65621BCCB310076B0C7 /* Base */,
			);
			name = LaunchScreen.storyboard;
			sourceTree = "<group>";
		};
/* End PBXVariantGroup section */

/* Begin XCBuildConfiguration section */
		9986A66F21BCCB310076B0C7 /* Debug */ = {
			isa = XCBuildConfiguration;
			buildSettings = {
				ALWAYS_SEARCH_USER_PATHS = NO;
				CLANG_ANALYZER_NONNULL = YES;
				CLANG_ANALYZER_NUMBER_OBJECT_CONVERSION = YES_AGGRESSIVE;
				CLANG_CXX_LANGUAGE_STANDARD = "gnu++14";
				CLANG_CXX_LIBRARY = "libc++";
				CLANG_ENABLE_MODULES = YES;
				CLANG_ENABLE_OBJC_ARC = YES;
				CLANG_ENABLE_OBJC_WEAK = YES;
				CLANG_WARN_BLOCK_CAPTURE_AUTORELEASING = YES;
				CLANG_WARN_BOOL_CONVERSION = YES;
				CLANG_WARN_COMMA = YES;
				CLANG_WARN_CONSTANT_CONVERSION = YES;
				CLANG_WARN_DEPRECATED_OBJC_IMPLEMENTATIONS = YES;
				CLANG_WARN_DIRECT_OBJC_ISA_USAGE = YES_ERROR;
				CLANG_WARN_DOCUMENTATION_COMMENTS = YES;
				CLANG_WARN_EMPTY_BODY = YES;
				CLANG_WARN_ENUM_CONVERSION = YES;
				CLANG_WARN_INFINITE_RECURSION = YES;
				CLANG_WARN_INT_CONVERSION = YES;
				CLANG_WARN_NON_LITERAL_NULL_CONVERSION = YES;
				CLANG_WARN_OBJC_IMPLICIT_RETAIN_SELF = YES;
				CLANG_WARN_OBJC_LITERAL_CONVERSION = YES;
				CLANG_WARN_OBJC_ROOT_CLASS = YES_ERROR;
				CLANG_WARN_RANGE_LOOP_ANALYSIS = YES;
				CLANG_WARN_STRICT_PROTOTYPES = YES;
				CLANG_WARN_SUSPICIOUS_MOVE = YES;
				CLANG_WARN_UNGUARDED_AVAILABILITY = YES_AGGRESSIVE;
				CLANG_WARN_UNREACHABLE_CODE = YES;
				CLANG_WARN__DUPLICATE_METHOD_MATCH = YES;
				CODE_SIGN_IDENTITY = "iPhone Developer";
				COPY_PHASE_STRIP = NO;
				DEBUG_INFORMATION_FORMAT = dwarf;
				ENABLE_STRICT_OBJC_MSGSEND = YES;
				ENABLE_TESTABILITY = YES;
				GCC_C_LANGUAGE_STANDARD = gnu11;
				GCC_DYNAMIC_NO_PIC = NO;
				GCC_NO_COMMON_BLOCKS = YES;
				GCC_OPTIMIZATION_LEVEL = 0;
				GCC_PREPROCESSOR_DEFINITIONS = (
					"DEBUG=1",
					"$(inherited)",
				);
				GCC_WARN_64_TO_32_BIT_CONVERSION = YES;
				GCC_WARN_ABOUT_RETURN_TYPE = YES_ERROR;
				GCC_WARN_UNDECLARED_SELECTOR = YES;
				GCC_WARN_UNINITIALIZED_AUTOS = YES_AGGRESSIVE;
				GCC_WARN_UNUSED_FUNCTION = YES;
				GCC_WARN_UNUSED_VARIABLE = YES;
				IPHONEOS_DEPLOYMENT_TARGET = 12.1;
				MTL_ENABLE_DEBUG_INFO = INCLUDE_SOURCE;
				MTL_FAST_MATH = YES;
				ONLY_ACTIVE_ARCH = YES;
				SDKROOT = iphoneos;
				SWIFT_ACTIVE_COMPILATION_CONDITIONS = DEBUG;
				SWIFT_OPTIMIZATION_LEVEL = "-Onone";
			};
			name = Debug;
		};
		9986A67021BCCB310076B0C7 /* Release */ = {
			isa = XCBuildConfiguration;
			buildSettings = {
				ALWAYS_SEARCH_USER_PATHS = NO;
				CLANG_ANALYZER_NONNULL = YES;
				CLANG_ANALYZER_NUMBER_OBJECT_CONVERSION = YES_AGGRESSIVE;
				CLANG_CXX_LANGUAGE_STANDARD = "gnu++14";
				CLANG_CXX_LIBRARY = "libc++";
				CLANG_ENABLE_MODULES = YES;
				CLANG_ENABLE_OBJC_ARC = YES;
				CLANG_ENABLE_OBJC_WEAK = YES;
				CLANG_WARN_BLOCK_CAPTURE_AUTORELEASING = YES;
				CLANG_WARN_BOOL_CONVERSION = YES;
				CLANG_WARN_COMMA = YES;
				CLANG_WARN_CONSTANT_CONVERSION = YES;
				CLANG_WARN_DEPRECATED_OBJC_IMPLEMENTATIONS = YES;
				CLANG_WARN_DIRECT_OBJC_ISA_USAGE = YES_ERROR;
				CLANG_WARN_DOCUMENTATION_COMMENTS = YES;
				CLANG_WARN_EMPTY_BODY = YES;
				CLANG_WARN_ENUM_CONVERSION = YES;
				CLANG_WARN_INFINITE_RECURSION = YES;
				CLANG_WARN_INT_CONVERSION = YES;
				CLANG_WARN_NON_LITERAL_NULL_CONVERSION = YES;
				CLANG_WARN_OBJC_IMPLICIT_RETAIN_SELF = YES;
				CLANG_WARN_OBJC_LITERAL_CONVERSION = YES;
				CLANG_WARN_OBJC_ROOT_CLASS = YES_ERROR;
				CLANG_WARN_RANGE_LOOP_ANALYSIS = YES;
				CLANG_WARN_STRICT_PROTOTYPES = YES;
				CLANG_WARN_SUSPICIOUS_MOVE = YES;
				CLANG_WARN_UNGUARDED_AVAILABILITY = YES_AGGRESSIVE;
				CLANG_WARN_UNREACHABLE_CODE = YES;
				CLANG_WARN__DUPLICATE_METHOD_MATCH = YES;
				CODE_SIGN_IDENTITY = "iPhone Developer";
				COPY_PHASE_STRIP = NO;
				DEBUG_INFORMATION_FORMAT = "dwarf-with-dsym";
				ENABLE_NS_ASSERTIONS = NO;
				ENABLE_STRICT_OBJC_MSGSEND = YES;
				GCC_C_LANGUAGE_STANDARD = gnu11;
				GCC_NO_COMMON_BLOCKS = YES;
				GCC_WARN_64_TO_32_BIT_CONVERSION = YES;
				GCC_WARN_ABOUT_RETURN_TYPE = YES_ERROR;
				GCC_WARN_UNDECLARED_SELECTOR = YES;
				GCC_WARN_UNINITIALIZED_AUTOS = YES_AGGRESSIVE;
				GCC_WARN_UNUSED_FUNCTION = YES;
				GCC_WARN_UNUSED_VARIABLE = YES;
				IPHONEOS_DEPLOYMENT_TARGET = 12.1;
				MTL_ENABLE_DEBUG_INFO = NO;
				MTL_FAST_MATH = YES;
				SDKROOT = iphoneos;
				SWIFT_COMPILATION_MODE = wholemodule;
				SWIFT_OPTIMIZATION_LEVEL = "-O";
				VALIDATE_PRODUCT = YES;
			};
			name = Release;
		};
		9986A67221BCCB310076B0C7 /* Debug */ = {
			isa = XCBuildConfiguration;
			buildSettings = {
				ASSETCATALOG_COMPILER_APPICON_NAME = AppIcon;
				CODE_SIGN_STYLE = Automatic;
				DEVELOPMENT_TEAM = V443JCRZRP;
				INFOPLIST_FILE = RomanNumerals/Info.plist;
				LD_RUNPATH_SEARCH_PATHS = (
					"$(inherited)",
					"@executable_path/Frameworks",
				);
				PRODUCT_BUNDLE_IDENTIFIER = challisa.RomanNumerals;
				PRODUCT_NAME = "$(TARGET_NAME)";
				SWIFT_VERSION = 4.2;
				TARGETED_DEVICE_FAMILY = "1,2";
			};
			name = Debug;
		};
		9986A67321BCCB310076B0C7 /* Release */ = {
			isa = XCBuildConfiguration;
			buildSettings = {
				ASSETCATALOG_COMPILER_APPICON_NAME = AppIcon;
				CODE_SIGN_STYLE = Automatic;
				DEVELOPMENT_TEAM = V443JCRZRP;
				INFOPLIST_FILE = RomanNumerals/Info.plist;
				LD_RUNPATH_SEARCH_PATHS = (
					"$(inherited)",
					"@executable_path/Frameworks",
				);
				PRODUCT_BUNDLE_IDENTIFIER = challisa.RomanNumerals;
				PRODUCT_NAME = "$(TARGET_NAME)";
				SWIFT_VERSION = 4.2;
				TARGETED_DEVICE_FAMILY = "1,2";
			};
			name = Release;
		};
		9986A67521BCCB310076B0C7 /* Debug */ = {
			isa = XCBuildConfiguration;
			buildSettings = {
				ALWAYS_EMBED_SWIFT_STANDARD_LIBRARIES = YES;
				BUNDLE_LOADER = "$(TEST_HOST)";
				CODE_SIGN_STYLE = Automatic;
				INFOPLIST_FILE = RomanNumeralsTests/Info.plist;
				LD_RUNPATH_SEARCH_PATHS = (
					"$(inherited)",
					"@executable_path/Frameworks",
					"@loader_path/Frameworks",
				);
				PRODUCT_BUNDLE_IDENTIFIER = challisa.RomanNumeralsTests;
				PRODUCT_NAME = "$(TARGET_NAME)";
				SWIFT_VERSION = 4.2;
				TARGETED_DEVICE_FAMILY = "1,2";
				TEST_HOST = "$(BUILT_PRODUCTS_DIR)/RomanNumerals.app/RomanNumerals";
			};
			name = Debug;
		};
		9986A67621BCCB310076B0C7 /* Release */ = {
			isa = XCBuildConfiguration;
			buildSettings = {
				ALWAYS_EMBED_SWIFT_STANDARD_LIBRARIES = YES;
				BUNDLE_LOADER = "$(TEST_HOST)";
				CODE_SIGN_STYLE = Automatic;
				INFOPLIST_FILE = RomanNumeralsTests/Info.plist;
				LD_RUNPATH_SEARCH_PATHS = (
					"$(inherited)",
					"@executable_path/Frameworks",
					"@loader_path/Frameworks",
				);
				PRODUCT_BUNDLE_IDENTIFIER = challisa.RomanNumeralsTests;
				PRODUCT_NAME = "$(TARGET_NAME)";
				SWIFT_VERSION = 4.2;
				TARGETED_DEVICE_FAMILY = "1,2";
				TEST_HOST = "$(BUILT_PRODUCTS_DIR)/RomanNumerals.app/RomanNumerals";
			};
			name = Release;
		};
		9986A67821BCCB310076B0C7 /* Debug */ = {
			isa = XCBuildConfiguration;
			buildSettings = {
				ALWAYS_EMBED_SWIFT_STANDARD_LIBRARIES = YES;
				CODE_SIGN_STYLE = Automatic;
				INFOPLIST_FILE = RomanNumeralsUITests/Info.plist;
				LD_RUNPATH_SEARCH_PATHS = (
					"$(inherited)",
					"@executable_path/Frameworks",
					"@loader_path/Frameworks",
				);
				PRODUCT_BUNDLE_IDENTIFIER = challisa.RomanNumeralsUITests;
				PRODUCT_NAME = "$(TARGET_NAME)";
				SWIFT_VERSION = 4.2;
				TARGETED_DEVICE_FAMILY = "1,2";
				TEST_TARGET_NAME = RomanNumerals;
			};
			name = Debug;
		};
		9986A67921BCCB310076B0C7 /* Release */ = {
			isa = XCBuildConfiguration;
			buildSettings = {
				ALWAYS_EMBED_SWIFT_STANDARD_LIBRARIES = YES;
				CODE_SIGN_STYLE = Automatic;
				INFOPLIST_FILE = RomanNumeralsUITests/Info.plist;
				LD_RUNPATH_SEARCH_PATHS = (
					"$(inherited)",
					"@executable_path/Frameworks",
					"@loader_path/Frameworks",
				);
				PRODUCT_BUNDLE_IDENTIFIER = challisa.RomanNumeralsUITests;
				PRODUCT_NAME = "$(TARGET_NAME)";
				SWIFT_VERSION = 4.2;
				TARGETED_DEVICE_FAMILY = "1,2";
				TEST_TARGET_NAME = RomanNumerals;
			};
			name = Release;
		};
/* End XCBuildConfiguration section */

/* Begin XCConfigurationList section */
		9986A64421BCCB300076B0C7 /* Build configuration list for PBXProject "RomanNumerals" */ = {
			isa = XCConfigurationList;
			buildConfigurations = (
				9986A66F21BCCB310076B0C7 /* Debug */,
				9986A67021BCCB310076B0C7 /* Release */,
			);
			defaultConfigurationIsVisible = 0;
			defaultConfigurationName = Release;
		};
		9986A67121BCCB310076B0C7 /* Build configuration list for PBXNativeTarget "RomanNumerals" */ = {
			isa = XCConfigurationList;
			buildConfigurations = (
				9986A67221BCCB310076B0C7 /* Debug */,
				9986A67321BCCB310076B0C7 /* Release */,
			);
			defaultConfigurationIsVisible = 0;
			defaultConfigurationName = Release;
		};
		9986A67421BCCB310076B0C7 /* Build configuration list for PBXNativeTarget "RomanNumeralsTests" */ = {
			isa = XCConfigurationList;
			buildConfigurations = (
				9986A67521BCCB310076B0C7 /* Debug */,
				9986A67621BCCB310076B0C7 /* Release */,
			);
			defaultConfigurationIsVisible = 0;
			defaultConfigurationName = Release;
		};
		9986A67721BCCB310076B0C7 /* Build configuration list for PBXNativeTarget "RomanNumeralsUITests" */ = {
			isa = XCConfigurationList;
			buildConfigurations = (
				9986A67821BCCB310076B0C7 /* Debug */,
				9986A67921BCCB310076B0C7 /* Release */,
			);
			defaultConfigurationIsVisible = 0;
			defaultConfigurationName = Release;
		};
/* End XCConfigurationList section */
	};
	rootObject = 9986A64121BCCB300076B0C7 /* Project object */;
}
